// !$*UTF8*$!
{
	archiveVersion = 1;
	classes = {
	};
	objectVersion = 46;
	objects = {

/* Begin PBXBuildFile section */
		DD8640EC1DEDFC7B0050EF5B /* AppDelegate.swift in Sources */ = {isa = PBXBuildFile; fileRef = DD8640EB1DEDFC7B0050EF5B /* AppDelegate.swift */; };
		DD8640EE1DEDFC7B0050EF5B /* ViewController.swift in Sources */ = {isa = PBXBuildFile; fileRef = DD8640ED1DEDFC7B0050EF5B /* ViewController.swift */; };
		DD8640F11DEDFC7B0050EF5B /* Main.storyboard in Resources */ = {isa = PBXBuildFile; fileRef = DD8640EF1DEDFC7B0050EF5B /* Main.storyboard */; };
		DD8640F31DEDFC7B0050EF5B /* Assets.xcassets in Resources */ = {isa = PBXBuildFile; fileRef = DD8640F21DEDFC7B0050EF5B /* Assets.xcassets */; };
		DD8640F61DEDFC7B0050EF5B /* LaunchScreen.storyboard in Resources */ = {isa = PBXBuildFile; fileRef = DD8640F41DEDFC7B0050EF5B /* LaunchScreen.storyboard */; };
		DDDB2F3E1DF03E1E004BB5C7 /* slide_.jpg in Resources */ = {isa = PBXBuildFile; fileRef = DDDB2F201DF03E1E004BB5C7 /* slide_.jpg */; };
		DDDB2F3F1DF03E1E004BB5C7 /* slide_10.jpg in Resources */ = {isa = PBXBuildFile; fileRef = DDDB2F211DF03E1E004BB5C7 /* slide_10.jpg */; };
		DDDB2F401DF03E1E004BB5C7 /* slide_11.jpg in Resources */ = {isa = PBXBuildFile; fileRef = DDDB2F221DF03E1E004BB5C7 /* slide_11.jpg */; };
		DDDB2F411DF03E1E004BB5C7 /* slide_12.jpg in Resources */ = {isa = PBXBuildFile; fileRef = DDDB2F231DF03E1E004BB5C7 /* slide_12.jpg */; };
		DDDB2F421DF03E1E004BB5C7 /* slide_13.jpg in Resources */ = {isa = PBXBuildFile; fileRef = DDDB2F241DF03E1E004BB5C7 /* slide_13.jpg */; };
		DDDB2F431DF03E1E004BB5C7 /* slide_14.jpg in Resources */ = {isa = PBXBuildFile; fileRef = DDDB2F251DF03E1E004BB5C7 /* slide_14.jpg */; };
		DDDB2F441DF03E1E004BB5C7 /* slide_15.jpg in Resources */ = {isa = PBXBuildFile; fileRef = DDDB2F261DF03E1E004BB5C7 /* slide_15.jpg */; };
		DDDB2F451DF03E1E004BB5C7 /* slide_16.jpg in Resources */ = {isa = PBXBuildFile; fileRef = DDDB2F271DF03E1E004BB5C7 /* slide_16.jpg */; };
		DDDB2F461DF03E1E004BB5C7 /* slide_17.jpg in Resources */ = {isa = PBXBuildFile; fileRef = DDDB2F281DF03E1E004BB5C7 /* slide_17.jpg */; };
		DDDB2F471DF03E1E004BB5C7 /* slide_18.jpg in Resources */ = {isa = PBXBuildFile; fileRef = DDDB2F291DF03E1E004BB5C7 /* slide_18.jpg */; };
		DDDB2F481DF03E1E004BB5C7 /* slide_19.jpg in Resources */ = {isa = PBXBuildFile; fileRef = DDDB2F2A1DF03E1E004BB5C7 /* slide_19.jpg */; };
		DDDB2F491DF03E1E004BB5C7 /* slide_2.jpg in Resources */ = {isa = PBXBuildFile; fileRef = DDDB2F2B1DF03E1E004BB5C7 /* slide_2.jpg */; };
		DDDB2F4A1DF03E1E004BB5C7 /* slide_20.jpg in Resources */ = {isa = PBXBuildFile; fileRef = DDDB2F2C1DF03E1E004BB5C7 /* slide_20.jpg */; };
		DDDB2F4B1DF03E1E004BB5C7 /* slide_21.jpg in Resources */ = {isa = PBXBuildFile; fileRef = DDDB2F2D1DF03E1E004BB5C7 /* slide_21.jpg */; };
		DDDB2F4C1DF03E1E004BB5C7 /* slide_22.jpg in Resources */ = {isa = PBXBuildFile; fileRef = DDDB2F2E1DF03E1E004BB5C7 /* slide_22.jpg */; };
		DDDB2F4D1DF03E1E004BB5C7 /* slide_23.jpg in Resources */ = {isa = PBXBuildFile; fileRef = DDDB2F2F1DF03E1E004BB5C7 /* slide_23.jpg */; };
		DDDB2F4E1DF03E1E004BB5C7 /* slide_24.jpg in Resources */ = {isa = PBXBuildFile; fileRef = DDDB2F301DF03E1E004BB5C7 /* slide_24.jpg */; };
		DDDB2F4F1DF03E1E004BB5C7 /* slide_25.jpg in Resources */ = {isa = PBXBuildFile; fileRef = DDDB2F311DF03E1E004BB5C7 /* slide_25.jpg */; };
		DDDB2F501DF03E1E004BB5C7 /* slide_26.jpg in Resources */ = {isa = PBXBuildFile; fileRef = DDDB2F321DF03E1E004BB5C7 /* slide_26.jpg */; };
		DDDB2F511DF03E1E004BB5C7 /* slide_27.jpg in Resources */ = {isa = PBXBuildFile; fileRef = DDDB2F331DF03E1E004BB5C7 /* slide_27.jpg */; };
		DDDB2F521DF03E1E004BB5C7 /* slide_28.jpg in Resources */ = {isa = PBXBuildFile; fileRef = DDDB2F341DF03E1E004BB5C7 /* slide_28.jpg */; };
		DDDB2F531DF03E1E004BB5C7 /* slide_29.jpg in Resources */ = {isa = PBXBuildFile; fileRef = DDDB2F351DF03E1E004BB5C7 /* slide_29.jpg */; };
		DDDB2F541DF03E1E004BB5C7 /* slide_3.jpg in Resources */ = {isa = PBXBuildFile; fileRef = DDDB2F361DF03E1E004BB5C7 /* slide_3.jpg */; };
		DDDB2F551DF03E1E004BB5C7 /* slide_30.jpg in Resources */ = {isa = PBXBuildFile; fileRef = DDDB2F371DF03E1E004BB5C7 /* slide_30.jpg */; };
		DDDB2F561DF03E1E004BB5C7 /* slide_4.jpg in Resources */ = {isa = PBXBuildFile; fileRef = DDDB2F381DF03E1E004BB5C7 /* slide_4.jpg */; };
		DDDB2F571DF03E1E004BB5C7 /* slide_5.jpg in Resources */ = {isa = PBXBuildFile; fileRef = DDDB2F391DF03E1E004BB5C7 /* slide_5.jpg */; };
		DDDB2F581DF03E1E004BB5C7 /* slide_6.jpg in Resources */ = {isa = PBXBuildFile; fileRef = DDDB2F3A1DF03E1E004BB5C7 /* slide_6.jpg */; };
		DDDB2F591DF03E1E004BB5C7 /* slide_7.jpg in Resources */ = {isa = PBXBuildFile; fileRef = DDDB2F3B1DF03E1E004BB5C7 /* slide_7.jpg */; };
		DDDB2F5A1DF03E1E004BB5C7 /* slide_8.jpg in Resources */ = {isa = PBXBuildFile; fileRef = DDDB2F3C1DF03E1E004BB5C7 /* slide_8.jpg */; };
		DDDB2F5B1DF03E1E004BB5C7 /* slide_9.jpg in Resources */ = {isa = PBXBuildFile; fileRef = DDDB2F3D1DF03E1E004BB5C7 /* slide_9.jpg */; };
/* End PBXBuildFile section */

/* Begin PBXFileReference section */
		DD8640E81DEDFC7B0050EF5B /* What's That Leech?.app */ = {isa = PBXFileReference; explicitFileType = wrapper.application; includeInIndex = 0; path = "What's That Leech?.app"; sourceTree = BUILT_PRODUCTS_DIR; };
		DD8640EB1DEDFC7B0050EF5B /* AppDelegate.swift */ = {isa = PBXFileReference; lastKnownFileType = sourcecode.swift; path = AppDelegate.swift; sourceTree = "<group>"; };
		DD8640ED1DEDFC7B0050EF5B /* ViewController.swift */ = {isa = PBXFileReference; lastKnownFileType = sourcecode.swift; path = ViewController.swift; sourceTree = "<group>"; };
		DD8640F01DEDFC7B0050EF5B /* Base */ = {isa = PBXFileReference; lastKnownFileType = file.storyboard; name = Base; path = Base.lproj/Main.storyboard; sourceTree = "<group>"; };
		DD8640F21DEDFC7B0050EF5B /* Assets.xcassets */ = {isa = PBXFileReference; lastKnownFileType = folder.assetcatalog; path = Assets.xcassets; sourceTree = "<group>"; };
		DD8640F51DEDFC7B0050EF5B /* Base */ = {isa = PBXFileReference; lastKnownFileType = file.storyboard; name = Base; path = Base.lproj/LaunchScreen.storyboard; sourceTree = "<group>"; };
		DD8640F71DEDFC7B0050EF5B /* Info.plist */ = {isa = PBXFileReference; lastKnownFileType = text.plist.xml; path = Info.plist; sourceTree = "<group>"; };
		DDDB2F201DF03E1E004BB5C7 /* slide_.jpg */ = {isa = PBXFileReference; lastKnownFileType = image.jpeg; path = slide_.jpg; sourceTree = "<group>"; };
		DDDB2F211DF03E1E004BB5C7 /* slide_10.jpg */ = {isa = PBXFileReference; lastKnownFileType = image.jpeg; path = slide_10.jpg; sourceTree = "<group>"; };
		DDDB2F221DF03E1E004BB5C7 /* slide_11.jpg */ = {isa = PBXFileReference; lastKnownFileType = image.jpeg; path = slide_11.jpg; sourceTree = "<group>"; };
		DDDB2F231DF03E1E004BB5C7 /* slide_12.jpg */ = {isa = PBXFileReference; lastKnownFileType = image.jpeg; path = slide_12.jpg; sourceTree = "<group>"; };
		DDDB2F241DF03E1E004BB5C7 /* slide_13.jpg */ = {isa = PBXFileReference; lastKnownFileType = image.jpeg; path = slide_13.jpg; sourceTree = "<group>"; };
		DDDB2F251DF03E1E004BB5C7 /* slide_14.jpg */ = {isa = PBXFileReference; lastKnownFileType = image.jpeg; path = slide_14.jpg; sourceTree = "<group>"; };
		DDDB2F261DF03E1E004BB5C7 /* slide_15.jpg */ = {isa = PBXFileReference; lastKnownFileType = image.jpeg; path = slide_15.jpg; sourceTree = "<group>"; };
		DDDB2F271DF03E1E004BB5C7 /* slide_16.jpg */ = {isa = PBXFileReference; lastKnownFileType = image.jpeg; path = slide_16.jpg; sourceTree = "<group>"; };
		DDDB2F281DF03E1E004BB5C7 /* slide_17.jpg */ = {isa = PBXFileReference; lastKnownFileType = image.jpeg; path = slide_17.jpg; sourceTree = "<group>"; };
		DDDB2F291DF03E1E004BB5C7 /* slide_18.jpg */ = {isa = PBXFileReference; lastKnownFileType = image.jpeg; path = slide_18.jpg; sourceTree = "<group>"; };
		DDDB2F2A1DF03E1E004BB5C7 /* slide_19.jpg */ = {isa = PBXFileReference; lastKnownFileType = image.jpeg; path = slide_19.jpg; sourceTree = "<group>"; };
		DDDB2F2B1DF03E1E004BB5C7 /* slide_2.jpg */ = {isa = PBXFileReference; lastKnownFileType = image.jpeg; path = slide_2.jpg; sourceTree = "<group>"; };
		DDDB2F2C1DF03E1E004BB5C7 /* slide_20.jpg */ = {isa = PBXFileReference; lastKnownFileType = image.jpeg; path = slide_20.jpg; sourceTree = "<group>"; };
		DDDB2F2D1DF03E1E004BB5C7 /* slide_21.jpg */ = {isa = PBXFileReference; lastKnownFileType = image.jpeg; path = slide_21.jpg; sourceTree = "<group>"; };
		DDDB2F2E1DF03E1E004BB5C7 /* slide_22.jpg */ = {isa = PBXFileReference; lastKnownFileType = image.jpeg; path = slide_22.jpg; sourceTree = "<group>"; };
		DDDB2F2F1DF03E1E004BB5C7 /* slide_23.jpg */ = {isa = PBXFileReference; lastKnownFileType = image.jpeg; path = slide_23.jpg; sourceTree = "<group>"; };
		DDDB2F301DF03E1E004BB5C7 /* slide_24.jpg */ = {isa = PBXFileReference; lastKnownFileType = image.jpeg; path = slide_24.jpg; sourceTree = "<group>"; };
		DDDB2F311DF03E1E004BB5C7 /* slide_25.jpg */ = {isa = PBXFileReference; lastKnownFileType = image.jpeg; path = slide_25.jpg; sourceTree = "<group>"; };
		DDDB2F321DF03E1E004BB5C7 /* slide_26.jpg */ = {isa = PBXFileReference; lastKnownFileType = image.jpeg; path = slide_26.jpg; sourceTree = "<group>"; };
		DDDB2F331DF03E1E004BB5C7 /* slide_27.jpg */ = {isa = PBXFileReference; lastKnownFileType = image.jpeg; path = slide_27.jpg; sourceTree = "<group>"; };
		DDDB2F341DF03E1E004BB5C7 /* slide_28.jpg */ = {isa = PBXFileReference; lastKnownFileType = image.jpeg; path = slide_28.jpg; sourceTree = "<group>"; };
		DDDB2F351DF03E1E004BB5C7 /* slide_29.jpg */ = {isa = PBXFileReference; lastKnownFileType = image.jpeg; path = slide_29.jpg; sourceTree = "<group>"; };
		DDDB2F361DF03E1E004BB5C7 /* slide_3.jpg */ = {isa = PBXFileReference; lastKnownFileType = image.jpeg; path = slide_3.jpg; sourceTree = "<group>"; };
		DDDB2F371DF03E1E004BB5C7 /* slide_30.jpg */ = {isa = PBXFileReference; lastKnownFileType = image.jpeg; path = slide_30.jpg; sourceTree = "<group>"; };
		DDDB2F381DF03E1E004BB5C7 /* slide_4.jpg */ = {isa = PBXFileReference; lastKnownFileType = image.jpeg; path = slide_4.jpg; sourceTree = "<group>"; };
		DDDB2F391DF03E1E004BB5C7 /* slide_5.jpg */ = {isa = PBXFileReference; lastKnownFileType = image.jpeg; path = slide_5.jpg; sourceTree = "<group>"; };
		DDDB2F3A1DF03E1E004BB5C7 /* slide_6.jpg */ = {isa = PBXFileReference; lastKnownFileType = image.jpeg; path = slide_6.jpg; sourceTree = "<group>"; };
		DDDB2F3B1DF03E1E004BB5C7 /* slide_7.jpg */ = {isa = PBXFileReference; lastKnownFileType = image.jpeg; path = slide_7.jpg; sourceTree = "<group>"; };
		DDDB2F3C1DF03E1E004BB5C7 /* slide_8.jpg */ = {isa = PBXFileReference; lastKnownFileType = image.jpeg; path = slide_8.jpg; sourceTree = "<group>"; };
		DDDB2F3D1DF03E1E004BB5C7 /* slide_9.jpg */ = {isa = PBXFileReference; lastKnownFileType = image.jpeg; path = slide_9.jpg; sourceTree = "<group>"; };
/* End PBXFileReference section */

/* Begin PBXFrameworksBuildPhase section */
		DD8640E51DEDFC7B0050EF5B /* Frameworks */ = {
			isa = PBXFrameworksBuildPhase;
			buildActionMask = 2147483647;
			files = (
			);
			runOnlyForDeploymentPostprocessing = 0;
		};
/* End PBXFrameworksBuildPhase section */

/* Begin PBXGroup section */
		DD8640DF1DEDFC7B0050EF5B = {
			isa = PBXGroup;
			children = (
				DD8640EA1DEDFC7B0050EF5B /* Leechapp3 */,
				DD8640E91DEDFC7B0050EF5B /* Products */,
				DDF1470C1DEE25E700A49316 /* SINGLE PAGES */,
			);
			sourceTree = "<group>";
		};
		DD8640E91DEDFC7B0050EF5B /* Products */ = {
			isa = PBXGroup;
			children = (
				DD8640E81DEDFC7B0050EF5B /* What's That Leech?.app */,
			);
			name = Products;
			sourceTree = "<group>";
		};
		DD8640EA1DEDFC7B0050EF5B /* Leechapp3 */ = {
			isa = PBXGroup;
			children = (
				DD8640EB1DEDFC7B0050EF5B /* AppDelegate.swift */,
				DD8640ED1DEDFC7B0050EF5B /* ViewController.swift */,
				DD8640EF1DEDFC7B0050EF5B /* Main.storyboard */,
				DD8640F21DEDFC7B0050EF5B /* Assets.xcassets */,
				DD8640F41DEDFC7B0050EF5B /* LaunchScreen.storyboard */,
				DD8640F71DEDFC7B0050EF5B /* Info.plist */,
			);
			path = Leechapp3;
			sourceTree = "<group>";
		};
		DDDB2F1F1DF03E1E004BB5C7 /* REVISIONS 1 */ = {
			isa = PBXGroup;
			children = (
				DDDB2F201DF03E1E004BB5C7 /* slide_.jpg */,
				DDDB2F211DF03E1E004BB5C7 /* slide_10.jpg */,
				DDDB2F221DF03E1E004BB5C7 /* slide_11.jpg */,
				DDDB2F231DF03E1E004BB5C7 /* slide_12.jpg */,
				DDDB2F241DF03E1E004BB5C7 /* slide_13.jpg */,
				DDDB2F251DF03E1E004BB5C7 /* slide_14.jpg */,
				DDDB2F261DF03E1E004BB5C7 /* slide_15.jpg */,
				DDDB2F271DF03E1E004BB5C7 /* slide_16.jpg */,
				DDDB2F281DF03E1E004BB5C7 /* slide_17.jpg */,
				DDDB2F291DF03E1E004BB5C7 /* slide_18.jpg */,
				DDDB2F2A1DF03E1E004BB5C7 /* slide_19.jpg */,
				DDDB2F2B1DF03E1E004BB5C7 /* slide_2.jpg */,
				DDDB2F2C1DF03E1E004BB5C7 /* slide_20.jpg */,
				DDDB2F2D1DF03E1E004BB5C7 /* slide_21.jpg */,
				DDDB2F2E1DF03E1E004BB5C7 /* slide_22.jpg */,
				DDDB2F2F1DF03E1E004BB5C7 /* slide_23.jpg */,
				DDDB2F301DF03E1E004BB5C7 /* slide_24.jpg */,
				DDDB2F311DF03E1E004BB5C7 /* slide_25.jpg */,
				DDDB2F321DF03E1E004BB5C7 /* slide_26.jpg */,
				DDDB2F331DF03E1E004BB5C7 /* slide_27.jpg */,
				DDDB2F341DF03E1E004BB5C7 /* slide_28.jpg */,
				DDDB2F351DF03E1E004BB5C7 /* slide_29.jpg */,
				DDDB2F361DF03E1E004BB5C7 /* slide_3.jpg */,
				DDDB2F371DF03E1E004BB5C7 /* slide_30.jpg */,
				DDDB2F381DF03E1E004BB5C7 /* slide_4.jpg */,
				DDDB2F391DF03E1E004BB5C7 /* slide_5.jpg */,
				DDDB2F3A1DF03E1E004BB5C7 /* slide_6.jpg */,
				DDDB2F3B1DF03E1E004BB5C7 /* slide_7.jpg */,
				DDDB2F3C1DF03E1E004BB5C7 /* slide_8.jpg */,
				DDDB2F3D1DF03E1E004BB5C7 /* slide_9.jpg */,
			);
			path = "REVISIONS 1";
			sourceTree = "<group>";
		};
		DDF1470C1DEE25E700A49316 /* SINGLE PAGES */ = {
			isa = PBXGroup;
			children = (
				DDDB2F1F1DF03E1E004BB5C7 /* REVISIONS 1 */,
			);
			path = "SINGLE PAGES";
			sourceTree = "<group>";
		};
/* End PBXGroup section */

/* Begin PBXNativeTarget section */
		DD8640E71DEDFC7B0050EF5B /* What's That Leech? */ = {
			isa = PBXNativeTarget;
			buildConfigurationList = DD8640FA1DEDFC7B0050EF5B /* Build configuration list for PBXNativeTarget "What's That Leech?" */;
			buildPhases = (
				DD8640E41DEDFC7B0050EF5B /* Sources */,
				DD8640E51DEDFC7B0050EF5B /* Frameworks */,
				DD8640E61DEDFC7B0050EF5B /* Resources */,
			);
			buildRules = (
			);
			dependencies = (
			);
			name = "What's That Leech?";
			productName = Leechapp3;
			productReference = DD8640E81DEDFC7B0050EF5B /* What's That Leech?.app */;
			productType = "com.apple.product-type.application";
		};
/* End PBXNativeTarget section */

/* Begin PBXProject section */
		DD8640E01DEDFC7B0050EF5B /* Project object */ = {
			isa = PBXProject;
			attributes = {
				LastSwiftUpdateCheck = 0810;
				LastUpgradeCheck = 0810;
				ORGANIZATIONNAME = "Joe Morris";
				TargetAttributes = {
					DD8640E71DEDFC7B0050EF5B = {
						CreatedOnToolsVersion = 8.1;
						DevelopmentTeam = BSP426E4T8;
						ProvisioningStyle = Automatic;
					};
				};
			};
			buildConfigurationList = DD8640E31DEDFC7B0050EF5B /* Build configuration list for PBXProject "What's That Leech?" */;
			compatibilityVersion = "Xcode 3.2";
			developmentRegion = English;
			hasScannedForEncodings = 0;
			knownRegions = (
				en,
				Base,
			);
			mainGroup = DD8640DF1DEDFC7B0050EF5B;
			productRefGroup = DD8640E91DEDFC7B0050EF5B /* Products */;
			projectDirPath = "";
			projectRoot = "";
			targets = (
				DD8640E71DEDFC7B0050EF5B /* What's That Leech? */,
			);
		};
/* End PBXProject section */

/* Begin PBXResourcesBuildPhase section */
		DD8640E61DEDFC7B0050EF5B /* Resources */ = {
			isa = PBXResourcesBuildPhase;
			buildActionMask = 2147483647;
			files = (
				DD8640F61DEDFC7B0050EF5B /* LaunchScreen.storyboard in Resources */,
				DDDB2F3E1DF03E1E004BB5C7 /* slide_.jpg in Resources */,
				DDDB2F5A1DF03E1E004BB5C7 /* slide_8.jpg in Resources */,
				DD8640F31DEDFC7B0050EF5B /* Assets.xcassets in Resources */,
				DD8640F11DEDFC7B0050EF5B /* Main.storyboard in Resources */,
				DDDB2F531DF03E1E004BB5C7 /* slide_29.jpg in Resources */,
				DDDB2F4D1DF03E1E004BB5C7 /* slide_23.jpg in Resources */,
				DDDB2F521DF03E1E004BB5C7 /* slide_28.jpg in Resources */,
				DDDB2F491DF03E1E004BB5C7 /* slide_2.jpg in Resources */,
				DDDB2F451DF03E1E004BB5C7 /* slide_16.jpg in Resources */,
				DDDB2F411DF03E1E004BB5C7 /* slide_12.jpg in Resources */,
				DDDB2F581DF03E1E004BB5C7 /* slide_6.jpg in Resources */,
				DDDB2F3F1DF03E1E004BB5C7 /* slide_10.jpg in Resources */,
				DDDB2F4E1DF03E1E004BB5C7 /* slide_24.jpg in Resources */,
				DDDB2F471DF03E1E004BB5C7 /* slide_18.jpg in Resources */,
				DDDB2F401DF03E1E004BB5C7 /* slide_11.jpg in Resources */,
				DDDB2F421DF03E1E004BB5C7 /* slide_13.jpg in Resources */,
				DDDB2F541DF03E1E004BB5C7 /* slide_3.jpg in Resources */,
				DDDB2F4B1DF03E1E004BB5C7 /* slide_21.jpg in Resources */,
				DDDB2F571DF03E1E004BB5C7 /* slide_5.jpg in Resources */,
				DDDB2F551DF03E1E004BB5C7 /* slide_30.jpg in Resources */,
				DDDB2F4F1DF03E1E004BB5C7 /* slide_25.jpg in Resources */,
				DDDB2F431DF03E1E004BB5C7 /* slide_14.jpg in Resources */,
				DDDB2F481DF03E1E004BB5C7 /* slide_19.jpg in Resources */,
				DDDB2F591DF03E1E004BB5C7 /* slide_7.jpg in Resources */,
				DDDB2F501DF03E1E004BB5C7 /* slide_26.jpg in Resources */,
				DDDB2F4A1DF03E1E004BB5C7 /* slide_20.jpg in Resources */,
				DDDB2F441DF03E1E004BB5C7 /* slide_15.jpg in Resources */,
				DDDB2F5B1DF03E1E004BB5C7 /* slide_9.jpg in Resources */,
				DDDB2F461DF03E1E004BB5C7 /* slide_17.jpg in Resources */,
				DDDB2F4C1DF03E1E004BB5C7 /* slide_22.jpg in Resources */,
				DDDB2F561DF03E1E004BB5C7 /* slide_4.jpg in Resources */,
				DDDB2F511DF03E1E004BB5C7 /* slide_27.jpg in Resources */,
			);
			runOnlyForDeploymentPostprocessing = 0;
		};
/* End PBXResourcesBuildPhase section */

/* Begin PBXSourcesBuildPhase section */
		DD8640E41DEDFC7B0050EF5B /* Sources */ = {
			isa = PBXSourcesBuildPhase;
			buildActionMask = 2147483647;
			files = (
				DD8640EE1DEDFC7B0050EF5B /* ViewController.swift in Sources */,
				DD8640EC1DEDFC7B0050EF5B /* AppDelegate.swift in Sources */,
			);
			runOnlyForDeploymentPostprocessing = 0;
		};
/* End PBXSourcesBuildPhase section */

/* Begin PBXVariantGroup section */
		DD8640EF1DEDFC7B0050EF5B /* Main.storyboard */ = {
			isa = PBXVariantGroup;
			children = (
				DD8640F01DEDFC7B0050EF5B /* Base */,
			);
			name = Main.storyboard;
			sourceTree = "<group>";
		};
		DD8640F41DEDFC7B0050EF5B /* LaunchScreen.storyboard */ = {
			isa = PBXVariantGroup;
			children = (
				DD8640F51DEDFC7B0050EF5B /* Base */,
			);
			name = LaunchScreen.storyboard;
			sourceTree = "<group>";
		};
/* End PBXVariantGroup section */

/* Begin XCBuildConfiguration section */
		DD8640F81DEDFC7B0050EF5B /* Debug */ = {
			isa = XCBuildConfiguration;
			buildSettings = {
				ALWAYS_SEARCH_USER_PATHS = NO;
				CLANG_ANALYZER_NONNULL = YES;
				CLANG_CXX_LANGUAGE_STANDARD = "gnu++0x";
				CLANG_CXX_LIBRARY = "libc++";
				CLANG_ENABLE_MODULES = YES;
				CLANG_ENABLE_OBJC_ARC = YES;
				CLANG_WARN_BOOL_CONVERSION = YES;
				CLANG_WARN_CONSTANT_CONVERSION = YES;
				CLANG_WARN_DIRECT_OBJC_ISA_USAGE = YES_ERROR;
				CLANG_WARN_DOCUMENTATION_COMMENTS = YES;
				CLANG_WARN_EMPTY_BODY = YES;
				CLANG_WARN_ENUM_CONVERSION = YES;
				CLANG_WARN_INFINITE_RECURSION = YES;
				CLANG_WARN_INT_CONVERSION = YES;
				CLANG_WARN_OBJC_ROOT_CLASS = YES_ERROR;
				CLANG_WARN_SUSPICIOUS_MOVES = YES;
				CLANG_WARN_UNREACHABLE_CODE = YES;
				CLANG_WARN__DUPLICATE_METHOD_MATCH = YES;
				"CODE_SIGN_IDENTITY[sdk=iphoneos*]" = "iPhone Developer";
				COPY_PHASE_STRIP = NO;
				DEBUG_INFORMATION_FORMAT = dwarf;
				ENABLE_STRICT_OBJC_MSGSEND = YES;
				ENABLE_TESTABILITY = YES;
				GCC_C_LANGUAGE_STANDARD = gnu99;
				GCC_DYNAMIC_NO_PIC = NO;
				GCC_NO_COMMON_BLOCKS = YES;
				GCC_OPTIMIZATION_LEVEL = 0;
				GCC_PREPROCESSOR_DEFINITIONS = (
					"DEBUG=1",
					"$(inherited)",
				);
				GCC_WARN_64_TO_32_BIT_CONVERSION = YES;
				GCC_WARN_ABOUT_RETURN_TYPE = YES_ERROR;
				GCC_WARN_UNDECLARED_SELECTOR = YES;
				GCC_WARN_UNINITIALIZED_AUTOS = YES_AGGRESSIVE;
				GCC_WARN_UNUSED_FUNCTION = YES;
				GCC_WARN_UNUSED_VARIABLE = YES;
				IPHONEOS_DEPLOYMENT_TARGET = 10.1;
				MTL_ENABLE_DEBUG_INFO = YES;
				ONLY_ACTIVE_ARCH = YES;
				SDKROOT = iphoneos;
				SWIFT_ACTIVE_COMPILATION_CONDITIONS = DEBUG;
				SWIFT_OPTIMIZATION_LEVEL = "-Onone";
				TARGETED_DEVICE_FAMILY = 2;
			};
			name = Debug;
		};
		DD8640F91DEDFC7B0050EF5B /* Release */ = {
			isa = XCBuildConfiguration;
			buildSettings = {
				ALWAYS_SEARCH_USER_PATHS = NO;
				CLANG_ANALYZER_NONNULL = YES;
				CLANG_CXX_LANGUAGE_STANDARD = "gnu++0x";
				CLANG_CXX_LIBRARY = "libc++";
				CLANG_ENABLE_MODULES = YES;
				CLANG_ENABLE_OBJC_ARC = YES;
				CLANG_WARN_BOOL_CONVERSION = YES;
				CLANG_WARN_CONSTANT_CONVERSION = YES;
				CLANG_WARN_DIRECT_OBJC_ISA_USAGE = YES_ERROR;
				CLANG_WARN_DOCUMENTATION_COMMENTS = YES;
				CLANG_WARN_EMPTY_BODY = YES;
				CLANG_WARN_ENUM_CONVERSION = YES;
				CLANG_WARN_INFINITE_RECURSION = YES;
				CLANG_WARN_INT_CONVERSION = YES;
				CLANG_WARN_OBJC_ROOT_CLASS = YES_ERROR;
				CLANG_WARN_SUSPICIOUS_MOVES = YES;
				CLANG_WARN_UNREACHABLE_CODE = YES;
				CLANG_WARN__DUPLICATE_METHOD_MATCH = YES;
				"CODE_SIGN_IDENTITY[sdk=iphoneos*]" = "iPhone Developer";
				COPY_PHASE_STRIP = NO;
				DEBUG_INFORMATION_FORMAT = "dwarf-with-dsym";
				ENABLE_NS_ASSERTIONS = NO;
				ENABLE_STRICT_OBJC_MSGSEND = YES;
				GCC_C_LANGUAGE_STANDARD = gnu99;
				GCC_NO_COMMON_BLOCKS = YES;
				GCC_WARN_64_TO_32_BIT_CONVERSION = YES;
				GCC_WARN_ABOUT_RETURN_TYPE = YES_ERROR;
				GCC_WARN_UNDECLARED_SELECTOR = YES;
				GCC_WARN_UNINITIALIZED_AUTOS = YES_AGGRESSIVE;
				GCC_WARN_UNUSED_FUNCTION = YES;
				GCC_WARN_UNUSED_VARIABLE = YES;
				IPHONEOS_DEPLOYMENT_TARGET = 10.1;
				MTL_ENABLE_DEBUG_INFO = NO;
				SDKROOT = iphoneos;
				SWIFT_OPTIMIZATION_LEVEL = "-Owholemodule";
				TARGETED_DEVICE_FAMILY = 2;
				VALIDATE_PRODUCT = YES;
			};
			name = Release;
		};
		DD8640FB1DEDFC7B0050EF5B /* Debug */ = {
			isa = XCBuildConfiguration;
			buildSettings = {
				ASSETCATALOG_COMPILER_APPICON_NAME = AppIcon;
				"CODE_SIGN_IDENTITY[sdk=iphoneos*]" = "iPhone Developer";
				DEVELOPMENT_TEAM = BSP426E4T8;
				INFOPLIST_FILE = Leechapp3/Info.plist;
				IPHONEOS_DEPLOYMENT_TARGET = 9.1;
				LD_RUNPATH_SEARCH_PATHS = "$(inherited) @executable_path/Frameworks";
				PRODUCT_BUNDLE_IDENTIFIER = com.JoeMorris.Leechapp3;
				PRODUCT_NAME = "$(TARGET_NAME)";
				SWIFT_VERSION = 3.0;
			};
			name = Debug;
		};
		DD8640FC1DEDFC7B0050EF5B /* Release */ = {
			isa = XCBuildConfiguration;
			buildSettings = {
				ASSETCATALOG_COMPILER_APPICON_NAME = AppIcon;
				"CODE_SIGN_IDENTITY[sdk=iphoneos*]" = "iPhone Developer";
				DEVELOPMENT_TEAM = BSP426E4T8;
				INFOPLIST_FILE = Leechapp3/Info.plist;
				IPHONEOS_DEPLOYMENT_TARGET = 9.1;
				LD_RUNPATH_SEARCH_PATHS = "$(inherited) @executable_path/Frameworks";
				PRODUCT_BUNDLE_IDENTIFIER = com.JoeMorris.Leechapp3;
				PRODUCT_NAME = "$(TARGET_NAME)";
				SWIFT_VERSION = 3.0;
			};
			name = Release;
		};
/* End XCBuildConfiguration section */

/* Begin XCConfigurationList section */
		DD8640E31DEDFC7B0050EF5B /* Build configuration list for PBXProject "What's That Leech?" */ = {
			isa = XCConfigurationList;
			buildConfigurations = (
				DD8640F81DEDFC7B0050EF5B /* Debug */,
				DD8640F91DEDFC7B0050EF5B /* Release */,
			);
			defaultConfigurationIsVisible = 0;
			defaultConfigurationName = Release;
		};
		DD8640FA1DEDFC7B0050EF5B /* Build configuration list for PBXNativeTarget "What's That Leech?" */ = {
			isa = XCConfigurationList;
			buildConfigurations = (
				DD8640FB1DEDFC7B0050EF5B /* Debug */,
				DD8640FC1DEDFC7B0050EF5B /* Release */,
			);
			defaultConfigurationIsVisible = 0;
			defaultConfigurationName = Release;
		};
/* End XCConfigurationList section */
	};
	rootObject = DD8640E01DEDFC7B0050EF5B /* Project object */;
}
